
Microsoft Visual Studio Solution File, Format Version 12.00
# Visual Studio 15
VisualStudioVersion = 15.0.28307.1145
MinimumVisualStudioVersion = 10.0.40219.1
Project("{FAE04EC0-301F-11D3-BF4B-00C04F79EFBC}") = "MaquinaCafe", "MaquinaCafe\MaquinaCafe.csproj", "{91FA95CB-A834-4053-B93F-F0F094994F3C}"
EndProject
Global
	GlobalSection(SolutionConfigurationPlatforms) = preSolution
		Debug|Any CPU = Debug|Any CPU
		Release|Any CPU = Release|Any CPU
	EndGlobalSection
	GlobalSection(ProjectConfigurationPlatforms) = postSolution
		{91FA95CB-A834-4053-B93F-F0F094994F3C}.Debug|Any CPU.ActiveCfg = Debug|Any CPU
		{91FA95CB-A834-4053-B93F-F0F094994F3C}.Debug|Any CPU.Build.0 = Debug|Any CPU
		{91FA95CB-A834-4053-B93F-F0F094994F3C}.Release|Any CPU.ActiveCfg = Release|Any CPU
		{91FA95CB-A834-4053-B93F-F0F094994F3C}.Release|Any CPU.Build.0 = Release|Any CPU
	EndGlobalSection
	GlobalSection(SolutionProperties) = preSolution
		HideSolutionNode = FALSE
	EndGlobalSection
	GlobalSection(ExtensibilityGlobals) = postSolution
		SolutionGuid = {A23E5E4D-F60E-43D0-97D9-D0DC4E5E0096}
	EndGlobalSection
EndGlobal
